
Microsoft Visual Studio Solution File, Format Version 12.00
# Visual Studio Version 16
VisualStudioVersion = 16.0.30621.155
MinimumVisualStudioVersion = 10.0.40219.1
Project("{FAE04EC0-301F-11D3-BF4B-00C04F79EFBC}") = "AiView.UWP", "AiView\AiView.UWP\AiView.UWP.csproj", "{B90C33B7-9431-4F6A-8EA8-80B5F67D9878}"
EndProject
Project("{FAE04EC0-301F-11D3-BF4B-00C04F79EFBC}") = "AiView.Android", "AiView\AiView.Android\AiView.Android.csproj", "{AD06836D-868B-4357-A1B6-C840767C4099}"
EndProject
Project("{FAE04EC0-301F-11D3-BF4B-00C04F79EFBC}") = "AiView.iOS", "AiView\AiView.iOS\AiView.iOS.csproj", "{706E4996-566D-47A4-A2F7-BAD13A2DBC47}"
EndProject
Project("{FAE04EC0-301F-11D3-BF4B-00C04F79EFBC}") = "AiView", "AiView\AiView\AiView.csproj", "{A2602F97-A9DD-4B7D-AC83-99DC32A3F6BF}"
EndProject
Global
	GlobalSection(SolutionConfigurationPlatforms) = preSolution
		Debug|Any CPU = Debug|Any CPU
		Debug|ARM = Debug|ARM
		Debug|iPhone = Debug|iPhone
		Debug|iPhoneSimulator = Debug|iPhoneSimulator
		Debug|x64 = Debug|x64
		Debug|x86 = Debug|x86
		Release|Any CPU = Release|Any CPU
		Release|ARM = Release|ARM
		Release|iPhone = Release|iPhone
		Release|iPhoneSimulator = Release|iPhoneSimulator
		Release|x64 = Release|x64
		Release|x86 = Release|x86
	EndGlobalSection
	GlobalSection(ProjectConfigurationPlatforms) = postSolution
		{B90C33B7-9431-4F6A-8EA8-80B5F67D9878}.Debug|Any CPU.ActiveCfg = Debug|x86
		{B90C33B7-9431-4F6A-8EA8-80B5F67D9878}.Debug|Any CPU.Build.0 = Debug|x86
		{B90C33B7-9431-4F6A-8EA8-80B5F67D9878}.Debug|Any CPU.Deploy.0 = Debug|x86
		{B90C33B7-9431-4F6A-8EA8-80B5F67D9878}.Debug|ARM.ActiveCfg = Debug|ARM
		{B90C33B7-9431-4F6A-8EA8-80B5F67D9878}.Debug|ARM.Build.0 = Debug|ARM
		{B90C33B7-9431-4F6A-8EA8-80B5F67D9878}.Debug|ARM.Deploy.0 = Debug|ARM
		{B90C33B7-9431-4F6A-8EA8-80B5F67D9878}.Debug|iPhone.ActiveCfg = Debug|x86
		{B90C33B7-9431-4F6A-8EA8-80B5F67D9878}.Debug|iPhone.Build.0 = Debug|x86
		{B90C33B7-9431-4F6A-8EA8-80B5F67D9878}.Debug|iPhone.Deploy.0 = Debug|x86
		{B90C33B7-9431-4F6A-8EA8-80B5F67D9878}.Debug|iPhoneSimulator.ActiveCfg = Debug|x86
		{B90C33B7-9431-4F6A-8EA8-80B5F67D9878}.Debug|iPhoneSimulator.Build.0 = Debug|x86
		{B90C33B7-9431-4F6A-8EA8-80B5F67D9878}.Debug|iPhoneSimulator.Deploy.0 = Debug|x86
		{B90C33B7-9431-4F6A-8EA8-80B5F67D9878}.Debug|x64.ActiveCfg = Debug|x64
		{B90C33B7-9431-4F6A-8EA8-80B5F67D9878}.Debug|x64.Build.0 = Debug|x64
		{B90C33B7-9431-4F6A-8EA8-80B5F67D9878}.Debug|x64.Deploy.0 = Debug|x64
		{B90C33B7-9431-4F6A-8EA8-80B5F67D9878}.Debug|x86.ActiveCfg = Debug|x86
		{B90C33B7-9431-4F6A-8EA8-80B5F67D9878}.Debug|x86.Build.0 = Debug|x86
		{B90C33B7-9431-4F6A-8EA8-80B5F67D9878}.Debug|x86.Deploy.0 = Debug|x86
		{B90C33B7-9431-4F6A-8EA8-80B5F67D9878}.Release|Any CPU.ActiveCfg = Release|x86
		{B90C33B7-9431-4F6A-8EA8-80B5F67D9878}.Release|Any CPU.Build.0 = Release|x86
		{B90C33B7-9431-4F6A-8EA8-80B5F67D9878}.Release|Any CPU.Deploy.0 = Release|x86
		{B90C33B7-9431-4F6A-8EA8-80B5F67D9878}.Release|ARM.ActiveCfg = Release|ARM
		{B90C33B7-9431-4F6A-8EA8-80B5F67D9878}.Release|ARM.Build.0 = Release|ARM
		{B90C33B7-9431-4F6A-8EA8-80B5F67D9878}.Release|ARM.Deploy.0 = Release|ARM
		{B90C33B7-9431-4F6A-8EA8-80B5F67D9878}.Release|iPhone.ActiveCfg = Release|x86
		{B90C33B7-9431-4F6A-8EA8-80B5F67D9878}.Release|iPhone.Build.0 = Release|x86
		{B90C33B7-9431-4F6A-8EA8-80B5F67D9878}.Release|iPhone.Deploy.0 = Release|x86
		{B90C33B7-9431-4F6A-8EA8-80B5F67D9878}.Release|iPhoneSimulator.ActiveCfg = Release|x86
		{B90C33B7-9431-4F6A-8EA8-80B5F67D9878}.Release|iPhoneSimulator.Build.0 = Release|x86
		{B90C33B7-9431-4F6A-8EA8-80B5F67D9878}.Release|iPhoneSimulator.Deploy.0 = Release|x86
		{B90C33B7-9431-4F6A-8EA8-80B5F67D9878}.Release|x64.ActiveCfg = Release|x64
		{B90C33B7-9431-4F6A-8EA8-80B5F67D9878}.Release|x64.Build.0 = Release|x64
		{B90C33B7-9431-4F6A-8EA8-80B5F67D9878}.Release|x64.Deploy.0 = Release|x64
		{B90C33B7-9431-4F6A-8EA8-80B5F67D9878}.Release|x86.ActiveCfg = Release|x86
		{B90C33B7-9431-4F6A-8EA8-80B5F67D9878}.Release|x86.Build.0 = Release|x86
		{B90C33B7-9431-4F6A-8EA8-80B5F67D9878}.Release|x86.Deploy.0 = Release|x86
		{AD06836D-868B-4357-A1B6-C840767C4099}.Debug|Any CPU.ActiveCfg = Debug|Any CPU
		{AD06836D-868B-4357-A1B6-C840767C4099}.Debug|Any CPU.Build.0 = Debug|Any CPU
		{AD06836D-868B-4357-A1B6-C840767C4099}.Debug|Any CPU.Deploy.0 = Debug|Any CPU
		{AD06836D-868B-4357-A1B6-C840767C4099}.Debug|ARM.ActiveCfg = Debug|Any CPU
		{AD06836D-868B-4357-A1B6-C840767C4099}.Debug|ARM.Build.0 = Debug|Any CPU
		{AD06836D-868B-4357-A1B6-C840767C4099}.Debug|ARM.Deploy.0 = Debug|Any CPU
		{AD06836D-868B-4357-A1B6-C840767C4099}.Debug|iPhone.ActiveCfg = Debug|Any CPU
		{AD06836D-868B-4357-A1B6-C840767C4099}.Debug|iPhone.Build.0 = Debug|Any CPU
		{AD06836D-868B-4357-A1B6-C840767C4099}.Debug|iPhone.Deploy.0 = Debug|Any CPU
		{AD06836D-868B-4357-A1B6-C840767C4099}.Debug|iPhoneSimulator.ActiveCfg = Debug|Any CPU
		{AD06836D-868B-4357-A1B6-C840767C4099}.Debug|iPhoneSimulator.Build.0 = Debug|Any CPU
		{AD06836D-868B-4357-A1B6-C840767C4099}.Debug|iPhoneSimulator.Deploy.0 = Debug|Any CPU
		{AD06836D-868B-4357-A1B6-C840767C4099}.Debug|x64.ActiveCfg = Debug|Any CPU
		{AD06836D-868B-4357-A1B6-C840767C4099}.Debug|x64.Build.0 = Debug|Any CPU
		{AD06836D-868B-4357-A1B6-C840767C4099}.Debug|x64.Deploy.0 = Debug|Any CPU
		{AD06836D-868B-4357-A1B6-C840767C4099}.Debug|x86.ActiveCfg = Debug|Any CPU
		{AD06836D-868B-4357-A1B6-C840767C4099}.Debug|x86.Build.0 = Debug|Any CPU
		{AD06836D-868B-4357-A1B6-C840767C4099}.Debug|x86.Deploy.0 = Debug|Any CPU
		{AD06836D-868B-4357-A1B6-C840767C4099}.Release|Any CPU.ActiveCfg = Release|Any CPU
		{AD06836D-868B-4357-A1B6-C840767C4099}.Release|Any CPU.Build.0 = Release|Any CPU
		{AD06836D-868B-4357-A1B6-C840767C4099}.Release|Any CPU.Deploy.0 = Release|Any CPU
		{AD06836D-868B-4357-A1B6-C840767C4099}.Release|ARM.ActiveCfg = Release|Any CPU
		{AD06836D-868B-4357-A1B6-C840767C4099}.Release|ARM.Build.0 = Release|Any CPU
		{AD06836D-868B-4357-A1B6-C840767C4099}.Release|ARM.Deploy.0 = Release|Any CPU
		{AD06836D-868B-4357-A1B6-C840767C4099}.Release|iPhone.ActiveCfg = Release|Any CPU
		{AD06836D-868B-4357-A1B6-C840767C4099}.Release|iPhone.Build.0 = Release|Any CPU
		{AD06836D-868B-4357-A1B6-C840767C4099}.Release|iPhone.Deploy.0 = Release|Any CPU
		{AD06836D-868B-4357-A1B6-C840767C4099}.Release|iPhoneSimulator.ActiveCfg = Release|Any CPU
		{AD06836D-868B-4357-A1B6-C840767C4099}.Release|iPhoneSimulator.Build.0 = Release|Any CPU
		{AD06836D-868B-4357-A1B6-C840767C4099}.Release|iPhoneSimulator.Deploy.0 = Release|Any CPU
		{AD06836D-868B-4357-A1B6-C840767C4099}.Release|x64.ActiveCfg = Release|Any CPU
		{AD06836D-868B-4357-A1B6-C840767C4099}.Release|x64.Build.0 = Release|Any CPU
		{AD06836D-868B-4357-A1B6-C840767C4099}.Release|x64.Deploy.0 = Release|Any CPU
		{AD06836D-868B-4357-A1B6-C840767C4099}.Release|x86.ActiveCfg = Release|Any CPU
		{AD06836D-868B-4357-A1B6-C840767C4099}.Release|x86.Build.0 = Release|Any CPU
		{AD06836D-868B-4357-A1B6-C840767C4099}.Release|x86.Deploy.0 = Release|Any CPU
		{706E4996-566D-47A4-A2F7-BAD13A2DBC47}.Debug|Any CPU.ActiveCfg = Debug|iPhoneSimulator
		{706E4996-566D-47A4-A2F7-BAD13A2DBC47}.Debug|Any CPU.Build.0 = Debug|iPhoneSimulator
		{706E4996-566D-47A4-A2F7-BAD13A2DBC47}.Debug|Any CPU.Deploy.0 = Debug|iPhoneSimulator
		{706E4996-566D-47A4-A2F7-BAD13A2DBC47}.Debug|ARM.ActiveCfg = Debug|iPhone
		{706E4996-566D-47A4-A2F7-BAD13A2DBC47}.Debug|ARM.Build.0 = Debug|iPhone
		{706E4996-566D-47A4-A2F7-BAD13A2DBC47}.Debug|ARM.Deploy.0 = Debug|iPhone
		{706E4996-566D-47A4-A2F7-BAD13A2DBC47}.Debug|iPhone.ActiveCfg = Debug|iPhone
		{706E4996-566D-47A4-A2F7-BAD13A2DBC47}.Debug|iPhone.Build.0 = Debug|iPhone
		{706E4996-566D-47A4-A2F7-BAD13A2DBC47}.Debug|iPhone.Deploy.0 = Debug|iPhone
		{706E4996-566D-47A4-A2F7-BAD13A2DBC47}.Debug|iPhoneSimulator.ActiveCfg = Debug|iPhoneSimulator
		{706E4996-566D-47A4-A2F7-BAD13A2DBC47}.Debug|iPhoneSimulator.Build.0 = Debug|iPhoneSimulator
		{706E4996-566D-47A4-A2F7-BAD13A2DBC47}.Debug|iPhoneSimulator.Deploy.0 = Debug|iPhoneSimulator
		{706E4996-566D-47A4-A2F7-BAD13A2DBC47}.Debug|x64.ActiveCfg = Debug|iPhoneSimulator
		{706E4996-566D-47A4-A2F7-BAD13A2DBC47}.Debug|x64.Build.0 = Debug|iPhoneSimulator
		{706E4996-566D-47A4-A2F7-BAD13A2DBC47}.Debug|x64.Deploy.0 = Debug|iPhoneSimulator
		{706E4996-566D-47A4-A2F7-BAD13A2DBC47}.Debug|x86.ActiveCfg = Debug|iPhoneSimulator
		{706E4996-566D-47A4-A2F7-BAD13A2DBC47}.Debug|x86.Build.0 = Debug|iPhoneSimulator
		{706E4996-566D-47A4-A2F7-BAD13A2DBC47}.Debug|x86.Deploy.0 = Debug|iPhoneSimulator
		{706E4996-566D-47A4-A2F7-BAD13A2DBC47}.Release|Any CPU.ActiveCfg = Release|iPhoneSimulator
		{706E4996-566D-47A4-A2F7-BAD13A2DBC47}.Release|Any CPU.Build.0 = Release|iPhoneSimulator
		{706E4996-566D-47A4-A2F7-BAD13A2DBC47}.Release|Any CPU.Deploy.0 = Release|iPhoneSimulator
		{706E4996-566D-47A4-A2F7-BAD13A2DBC47}.Release|ARM.ActiveCfg = Release|iPhoneSimulator
		{706E4996-566D-47A4-A2F7-BAD13A2DBC47}.Release|ARM.Build.0 = Release|iPhoneSimulator
		{706E4996-566D-47A4-A2F7-BAD13A2DBC47}.Release|ARM.Deploy.0 = Release|iPhoneSimulator
		{706E4996-566D-47A4-A2F7-BAD13A2DBC47}.Release|iPhone.ActiveCfg = Release|iPhone
		{706E4996-566D-47A4-A2F7-BAD13A2DBC47}.Release|iPhone.Build.0 = Release|iPhone
		{706E4996-566D-47A4-A2F7-BAD13A2DBC47}.Release|iPhone.Deploy.0 = Release|iPhone
		{706E4996-566D-47A4-A2F7-BAD13A2DBC47}.Release|iPhoneSimulator.ActiveCfg = Release|iPhoneSimulator
		{706E4996-566D-47A4-A2F7-BAD13A2DBC47}.Release|iPhoneSimulator.Build.0 = Release|iPhoneSimulator
		{706E4996-566D-47A4-A2F7-BAD13A2DBC47}.Release|iPhoneSimulator.Deploy.0 = Release|iPhoneSimulator
		{706E4996-566D-47A4-A2F7-BAD13A2DBC47}.Release|x64.ActiveCfg = Release|iPhoneSimulator
		{706E4996-566D-47A4-A2F7-BAD13A2DBC47}.Release|x64.Build.0 = Release|iPhoneSimulator
		{706E4996-566D-47A4-A2F7-BAD13A2DBC47}.Release|x64.Deploy.0 = Release|iPhoneSimulator
		{706E4996-566D-47A4-A2F7-BAD13A2DBC47}.Release|x86.ActiveCfg = Release|iPhoneSimulator
		{706E4996-566D-47A4-A2F7-BAD13A2DBC47}.Release|x86.Build.0 = Release|iPhoneSimulator
		{706E4996-566D-47A4-A2F7-BAD13A2DBC47}.Release|x86.Deploy.0 = Release|iPhoneSimulator
		{A2602F97-A9DD-4B7D-AC83-99DC32A3F6BF}.Debug|Any CPU.ActiveCfg = Debug|Any CPU
		{A2602F97-A9DD-4B7D-AC83-99DC32A3F6BF}.Debug|Any CPU.Build.0 = Debug|Any CPU
		{A2602F97-A9DD-4B7D-AC83-99DC32A3F6BF}.Debug|Any CPU.Deploy.0 = Debug|Any CPU
		{A2602F97-A9DD-4B7D-AC83-99DC32A3F6BF}.Debug|ARM.ActiveCfg = Debug|Any CPU
		{A2602F97-A9DD-4B7D-AC83-99DC32A3F6BF}.Debug|ARM.Build.0 = Debug|Any CPU
		{A2602F97-A9DD-4B7D-AC83-99DC32A3F6BF}.Debug|ARM.Deploy.0 = Debug|Any CPU
		{A2602F97-A9DD-4B7D-AC83-99DC32A3F6BF}.Debug|iPhone.ActiveCfg = Debug|Any CPU
		{A2602F97-A9DD-4B7D-AC83-99DC32A3F6BF}.Debug|iPhone.Build.0 = Debug|Any CPU
		{A2602F97-A9DD-4B7D-AC83-99DC32A3F6BF}.Debug|iPhone.Deploy.0 = Debug|Any CPU
		{A2602F97-A9DD-4B7D-AC83-99DC32A3F6BF}.Debug|iPhoneSimulator.ActiveCfg = Debug|Any CPU
		{A2602F97-A9DD-4B7D-AC83-99DC32A3F6BF}.Debug|iPhoneSimulator.Build.0 = Debug|Any CPU
		{A2602F97-A9DD-4B7D-AC83-99DC32A3F6BF}.Debug|iPhoneSimulator.Deploy.0 = Debug|Any CPU
		{A2602F97-A9DD-4B7D-AC83-99DC32A3F6BF}.Debug|x64.ActiveCfg = Debug|Any CPU
		{A2602F97-A9DD-4B7D-AC83-99DC32A3F6BF}.Debug|x64.Build.0 = Debug|Any CPU
		{A2602F97-A9DD-4B7D-AC83-99DC32A3F6BF}.Debug|x64.Deploy.0 = Debug|Any CPU
		{A2602F97-A9DD-4B7D-AC83-99DC32A3F6BF}.Debug|x86.ActiveCfg = Debug|Any CPU
		{A2602F97-A9DD-4B7D-AC83-99DC32A3F6BF}.Debug|x86.Build.0 = Debug|Any CPU
		{A2602F97-A9DD-4B7D-AC83-99DC32A3F6BF}.Debug|x86.Deploy.0 = Debug|Any CPU
		{A2602F97-A9DD-4B7D-AC83-99DC32A3F6BF}.Release|Any CPU.ActiveCfg = Release|Any CPU
		{A2602F97-A9DD-4B7D-AC83-99DC32A3F6BF}.Release|Any CPU.Build.0 = Release|Any CPU
		{A2602F97-A9DD-4B7D-AC83-99DC32A3F6BF}.Release|Any CPU.Deploy.0 = Release|Any CPU
		{A2602F97-A9DD-4B7D-AC83-99DC32A3F6BF}.Release|ARM.ActiveCfg = Release|Any CPU
		{A2602F97-A9DD-4B7D-AC83-99DC32A3F6BF}.Release|ARM.Build.0 = Release|Any CPU
		{A2602F97-A9DD-4B7D-AC83-99DC32A3F6BF}.Release|ARM.Deploy.0 = Release|Any CPU
		{A2602F97-A9DD-4B7D-AC83-99DC32A3F6BF}.Release|iPhone.ActiveCfg = Release|Any CPU
		{A2602F97-A9DD-4B7D-AC83-99DC32A3F6BF}.Release|iPhone.Build.0 = Release|Any CPU
		{A2602F97-A9DD-4B7D-AC83-99DC32A3F6BF}.Release|iPhone.Deploy.0 = Release|Any CPU
		{A2602F97-A9DD-4B7D-AC83-99DC32A3F6BF}.Release|iPhoneSimulator.ActiveCfg = Release|Any CPU
		{A2602F97-A9DD-4B7D-AC83-99DC32A3F6BF}.Release|iPhoneSimulator.Build.0 = Release|Any CPU
		{A2602F97-A9DD-4B7D-AC83-99DC32A3F6BF}.Release|iPhoneSimulator.Deploy.0 = Release|Any CPU
		{A2602F97-A9DD-4B7D-AC83-99DC32A3F6BF}.Release|x64.ActiveCfg = Release|Any CPU
		{A2602F97-A9DD-4B7D-AC83-99DC32A3F6BF}.Release|x64.Build.0 = Release|Any CPU
		{A2602F97-A9DD-4B7D-AC83-99DC32A3F6BF}.Release|x64.Deploy.0 = Release|Any CPU
		{A2602F97-A9DD-4B7D-AC83-99DC32A3F6BF}.Release|x86.ActiveCfg = Release|Any CPU
		{A2602F97-A9DD-4B7D-AC83-99DC32A3F6BF}.Release|x86.Build.0 = Release|Any CPU
		{A2602F97-A9DD-4B7D-AC83-99DC32A3F6BF}.Release|x86.Deploy.0 = Release|Any CPU
	EndGlobalSection
	GlobalSection(SolutionProperties) = preSolution
		HideSolutionNode = FALSE
	EndGlobalSection
	GlobalSection(ExtensibilityGlobals) = postSolution
		SolutionGuid = {41797741-1C4B-467A-BBCC-50FAC7726348}
	EndGlobalSection
EndGlobal
